
Microsoft Visual Studio Solution File, Format Version 12.00
# Visual Studio 2013
VisualStudioVersion = 12.0.31101.0
MinimumVisualStudioVersion = 10.0.40219.1
Project("{FAE04EC0-301F-11D3-BF4B-00C04F79EFBC}") = "EpiManager", "EpiManager\EpiManager.csproj", "{9520C278-9AA3-4C2D-94A3-09C740511CCE}"
EndProject
Global
	GlobalSection(SolutionConfigurationPlatforms) = preSolution
		Debug|Any CPU = Debug|Any CPU
		Release|Any CPU = Release|Any CPU
	EndGlobalSection
	GlobalSection(ProjectConfigurationPlatforms) = postSolution
		{9520C278-9AA3-4C2D-94A3-09C740511CCE}.Debug|Any CPU.ActiveCfg = Debug|Any CPU
		{9520C278-9AA3-4C2D-94A3-09C740511CCE}.Debug|Any CPU.Build.0 = Debug|Any CPU
		{9520C278-9AA3-4C2D-94A3-09C740511CCE}.Release|Any CPU.ActiveCfg = Release|Any CPU
		{9520C278-9AA3-4C2D-94A3-09C740511CCE}.Release|Any CPU.Build.0 = Release|Any CPU
	EndGlobalSection
	GlobalSection(SolutionProperties) = preSolution
		HideSolutionNode = FALSE
	EndGlobalSection
EndGlobal
